// !$*UTF8*$!
{
	archiveVersion = 1;
	classes = {
	};
	objectVersion = 48;
	objects = {

/* Begin PBXBuildFile section */
		4C9266E60C6A30E4509D9DA0 /* Pods_Todoey.framework in Frameworks */ = {isa = PBXBuildFile; fileRef = FC1BD2945813D982B0CCF329 /* Pods_Todoey.framework */; };
		555CB66D201B9E2B00B0FBDA /* Category.swift in Sources */ = {isa = PBXBuildFile; fileRef = 555CB66C201B9E2B00B0FBDA /* Category.swift */; };
		555CB66F201B9E9700B0FBDA /* Item.swift in Sources */ = {isa = PBXBuildFile; fileRef = 555CB66E201B9E9700B0FBDA /* Item.swift */; };
		556299AA2017A4600033154A /* AppDelegate.swift in Sources */ = {isa = PBXBuildFile; fileRef = 556299A92017A4600033154A /* AppDelegate.swift */; };
		556299AC2017A4600033154A /* ToDoListViewController.swift in Sources */ = {isa = PBXBuildFile; fileRef = 556299AB2017A4600033154A /* ToDoListViewController.swift */; };
		556299AF2017A4600033154A /* Main.storyboard in Resources */ = {isa = PBXBuildFile; fileRef = 556299AD2017A4600033154A /* Main.storyboard */; };
		556299B12017A4600033154A /* Assets.xcassets in Resources */ = {isa = PBXBuildFile; fileRef = 556299B02017A4600033154A /* Assets.xcassets */; };
		556299B42017A4600033154A /* LaunchScreen.storyboard in Resources */ = {isa = PBXBuildFile; fileRef = 556299B22017A4600033154A /* LaunchScreen.storyboard */; };
		55F80D8C201A48F500326E97 /* CategoryTableViewController.swift in Sources */ = {isa = PBXBuildFile; fileRef = 55F80D8B201A48F500326E97 /* CategoryTableViewController.swift */; };
/* End PBXBuildFile section */

/* Begin PBXFileReference section */
		555CB66C201B9E2B00B0FBDA /* Category.swift */ = {isa = PBXFileReference; lastKnownFileType = sourcecode.swift; path = Category.swift; sourceTree = "<group>"; };
		555CB66E201B9E9700B0FBDA /* Item.swift */ = {isa = PBXFileReference; lastKnownFileType = sourcecode.swift; path = Item.swift; sourceTree = "<group>"; };
		556299A62017A4600033154A /* Todoey.app */ = {isa = PBXFileReference; explicitFileType = wrapper.application; includeInIndex = 0; path = Todoey.app; sourceTree = BUILT_PRODUCTS_DIR; };
		556299A92017A4600033154A /* AppDelegate.swift */ = {isa = PBXFileReference; lastKnownFileType = sourcecode.swift; path = AppDelegate.swift; sourceTree = "<group>"; };
		556299AB2017A4600033154A /* ToDoListViewController.swift */ = {isa = PBXFileReference; lastKnownFileType = sourcecode.swift; path = ToDoListViewController.swift; sourceTree = "<group>"; };
		556299AE2017A4600033154A /* Base */ = {isa = PBXFileReference; lastKnownFileType = file.storyboard; name = Base; path = Base.lproj/Main.storyboard; sourceTree = "<group>"; };
		556299B02017A4600033154A /* Assets.xcassets */ = {isa = PBXFileReference; lastKnownFileType = folder.assetcatalog; path = Assets.xcassets; sourceTree = "<group>"; };
		556299B32017A4600033154A /* Base */ = {isa = PBXFileReference; lastKnownFileType = file.storyboard; name = Base; path = Base.lproj/LaunchScreen.storyboard; sourceTree = "<group>"; };
		55F80D652018D81A00326E97 /* Info.plist */ = {isa = PBXFileReference; fileEncoding = 4; lastKnownFileType = text.plist.xml; path = Info.plist; sourceTree = "<group>"; };
		55F80D8B201A48F500326E97 /* CategoryTableViewController.swift */ = {isa = PBXFileReference; lastKnownFileType = sourcecode.swift; name = CategoryTableViewController.swift; path = Todoey/Controllers/CategoryTableViewController.swift; sourceTree = SOURCE_ROOT; };
		5A79255AC03E9D99E381A3F9 /* Pods-Todoey.debug.xcconfig */ = {isa = PBXFileReference; includeInIndex = 1; lastKnownFileType = text.xcconfig; name = "Pods-Todoey.debug.xcconfig"; path = "Pods/Target Support Files/Pods-Todoey/Pods-Todoey.debug.xcconfig"; sourceTree = "<group>"; };
		F431017EFEB59C16C26FA00E /* Pods-Todoey.release.xcconfig */ = {isa = PBXFileReference; includeInIndex = 1; lastKnownFileType = text.xcconfig; name = "Pods-Todoey.release.xcconfig"; path = "Pods/Target Support Files/Pods-Todoey/Pods-Todoey.release.xcconfig"; sourceTree = "<group>"; };
		FC1BD2945813D982B0CCF329 /* Pods_Todoey.framework */ = {isa = PBXFileReference; explicitFileType = wrapper.framework; includeInIndex = 0; path = Pods_Todoey.framework; sourceTree = BUILT_PRODUCTS_DIR; };
/* End PBXFileReference section */

/* Begin PBXFrameworksBuildPhase section */
		556299A32017A4600033154A /* Frameworks */ = {
			isa = PBXFrameworksBuildPhase;
			buildActionMask = 2147483647;
			files = (
				4C9266E60C6A30E4509D9DA0 /* Pods_Todoey.framework in Frameworks */,
			);
			runOnlyForDeploymentPostprocessing = 0;
		};
/* End PBXFrameworksBuildPhase section */

/* Begin PBXGroup section */
		5562999D2017A4600033154A = {
			isa = PBXGroup;
			children = (
				556299A82017A4600033154A /* Todoey */,
				556299A72017A4600033154A /* Products */,
				D8A9C137A54F29109CC9B03A /* Pods */,
				B9D75B20E25ABBD22BD65A00 /* Frameworks */,
			);
			sourceTree = "<group>";
		};
		556299A72017A4600033154A /* Products */ = {
			isa = PBXGroup;
			children = (
				556299A62017A4600033154A /* Todoey.app */,
			);
			name = Products;
			sourceTree = "<group>";
		};
		556299A82017A4600033154A /* Todoey */ = {
			isa = PBXGroup;
			children = (
				55F80D652018D81A00326E97 /* Info.plist */,
				556299A92017A4600033154A /* AppDelegate.swift */,
				55F80D5F2018CE3D00326E97 /* Data Model  */,
				55F80D602018CE9A00326E97 /* Controllers */,
				55F80D612018CEB000326E97 /* Views */,
				55F80D622018CECC00326E97 /* Supporting files */,
			);
			path = Todoey;
			sourceTree = "<group>";
		};
		55F80D5F2018CE3D00326E97 /* Data Model  */ = {
			isa = PBXGroup;
			children = (
				555CB66C201B9E2B00B0FBDA /* Category.swift */,
				555CB66E201B9E9700B0FBDA /* Item.swift */,
			);
			path = "Data Model ";
			sourceTree = "<group>";
		};
		55F80D602018CE9A00326E97 /* Controllers */ = {
			isa = PBXGroup;
			children = (
				55F80D8B201A48F500326E97 /* CategoryTableViewController.swift */,
				556299AB2017A4600033154A /* ToDoListViewController.swift */,
			);
			path = Controllers;
			sourceTree = "<group>";
		};
		55F80D612018CEB000326E97 /* Views */ = {
			isa = PBXGroup;
			children = (
				556299AD2017A4600033154A /* Main.storyboard */,
			);
			path = Views;
			sourceTree = "<group>";
		};
		55F80D622018CECC00326E97 /* Supporting files */ = {
			isa = PBXGroup;
			children = (
				556299B22017A4600033154A /* LaunchScreen.storyboard */,
				556299B02017A4600033154A /* Assets.xcassets */,
			);
			path = "Supporting files";
			sourceTree = "<group>";
		};
		B9D75B20E25ABBD22BD65A00 /* Frameworks */ = {
			isa = PBXGroup;
			children = (
				FC1BD2945813D982B0CCF329 /* Pods_Todoey.framework */,
			);
			name = Frameworks;
			sourceTree = "<group>";
		};
		D8A9C137A54F29109CC9B03A /* Pods */ = {
			isa = PBXGroup;
			children = (
				5A79255AC03E9D99E381A3F9 /* Pods-Todoey.debug.xcconfig */,
				F431017EFEB59C16C26FA00E /* Pods-Todoey.release.xcconfig */,
			);
			name = Pods;
			sourceTree = "<group>";
		};
/* End PBXGroup section */

/* Begin PBXNativeTarget section */
		556299A52017A4600033154A /* Todoey */ = {
			isa = PBXNativeTarget;
			buildConfigurationList = 556299B82017A4600033154A /* Build configuration list for PBXNativeTarget "Todoey" */;
			buildPhases = (
				8A3C8F0CEA13E3A12A355632 /* [CP] Check Pods Manifest.lock */,
				556299A22017A4600033154A /* Sources */,
				556299A32017A4600033154A /* Frameworks */,
				556299A42017A4600033154A /* Resources */,
				4CA15FAFC52C5713C76EDBD4 /* [CP] Embed Pods Frameworks */,
				DCAB07FCE77CA77F2DA892AC /* [CP] Copy Pods Resources */,
			);
			buildRules = (
			);
			dependencies = (
			);
			name = Todoey;
			productName = Todoey;
			productReference = 556299A62017A4600033154A /* Todoey.app */;
			productType = "com.apple.product-type.application";
		};
/* End PBXNativeTarget section */

/* Begin PBXProject section */
		5562999E2017A4600033154A /* Project object */ = {
			isa = PBXProject;
			attributes = {
				LastSwiftUpdateCheck = 0920;
				LastUpgradeCheck = 0920;
				ORGANIZATIONNAME = SamJensen;
				TargetAttributes = {
					556299A52017A4600033154A = {
						CreatedOnToolsVersion = 9.2;
						ProvisioningStyle = Automatic;
					};
				};
			};
			buildConfigurationList = 556299A12017A4600033154A /* Build configuration list for PBXProject "Todoey" */;
			compatibilityVersion = "Xcode 8.0";
			developmentRegion = en;
			hasScannedForEncodings = 0;
			knownRegions = (
				en,
				Base,
			);
			mainGroup = 5562999D2017A4600033154A;
			productRefGroup = 556299A72017A4600033154A /* Products */;
			projectDirPath = "";
			projectRoot = "";
			targets = (
				556299A52017A4600033154A /* Todoey */,
			);
		};
/* End PBXProject section */

/* Begin PBXResourcesBuildPhase section */
		556299A42017A4600033154A /* Resources */ = {
			isa = PBXResourcesBuildPhase;
			buildActionMask = 2147483647;
			files = (
				556299B42017A4600033154A /* LaunchScreen.storyboard in Resources */,
				556299B12017A4600033154A /* Assets.xcassets in Resources */,
				556299AF2017A4600033154A /* Main.storyboard in Resources */,
			);
			runOnlyForDeploymentPostprocessing = 0;
		};
/* End PBXResourcesBuildPhase section */

/* Begin PBXShellScriptBuildPhase section */
		4CA15FAFC52C5713C76EDBD4 /* [CP] Embed Pods Frameworks */ = {
			isa = PBXShellScriptBuildPhase;
			buildActionMask = 2147483647;
			files = (
			);
			inputPaths = (
				"${SRCROOT}/Pods/Target Support Files/Pods-Todoey/Pods-Todoey-frameworks.sh",
				"${BUILT_PRODUCTS_DIR}/Realm/Realm.framework",
				"${BUILT_PRODUCTS_DIR}/RealmSwift/RealmSwift.framework",
			);
			name = "[CP] Embed Pods Frameworks";
			outputPaths = (
				"${TARGET_BUILD_DIR}/${FRAMEWORKS_FOLDER_PATH}/Realm.framework",
				"${TARGET_BUILD_DIR}/${FRAMEWORKS_FOLDER_PATH}/RealmSwift.framework",
			);
			runOnlyForDeploymentPostprocessing = 0;
			shellPath = /bin/sh;
			shellScript = "\"${SRCROOT}/Pods/Target Support Files/Pods-Todoey/Pods-Todoey-frameworks.sh\"\n";
			showEnvVarsInLog = 0;
		};
		8A3C8F0CEA13E3A12A355632 /* [CP] Check Pods Manifest.lock */ = {
			isa = PBXShellScriptBuildPhase;
			buildActionMask = 2147483647;
			files = (
			);
			inputPaths = (
				"${PODS_PODFILE_DIR_PATH}/Podfile.lock",
				"${PODS_ROOT}/Manifest.lock",
			);
			name = "[CP] Check Pods Manifest.lock";
			outputPaths = (
				"$(DERIVED_FILE_DIR)/Pods-Todoey-checkManifestLockResult.txt",
			);
			runOnlyForDeploymentPostprocessing = 0;
			shellPath = /bin/sh;
			shellScript = "diff \"${PODS_PODFILE_DIR_PATH}/Podfile.lock\" \"${PODS_ROOT}/Manifest.lock\" > /dev/null\nif [ $? != 0 ] ; then\n    # print error to STDERR\n    echo \"error: The sandbox is not in sync with the Podfile.lock. Run 'pod install' or update your CocoaPods installation.\" >&2\n    exit 1\nfi\n# This output is used by Xcode 'outputs' to avoid re-running this script phase.\necho \"SUCCESS\" > \"${SCRIPT_OUTPUT_FILE_0}\"\n";
			showEnvVarsInLog = 0;
		};
		DCAB07FCE77CA77F2DA892AC /* [CP] Copy Pods Resources */ = {
			isa = PBXShellScriptBuildPhase;
			buildActionMask = 2147483647;
			files = (
			);
			inputPaths = (
			);
			name = "[CP] Copy Pods Resources";
			outputPaths = (
			);
			runOnlyForDeploymentPostprocessing = 0;
			shellPath = /bin/sh;
			shellScript = "\"${SRCROOT}/Pods/Target Support Files/Pods-Todoey/Pods-Todoey-resources.sh\"\n";
			showEnvVarsInLog = 0;
		};
/* End PBXShellScriptBuildPhase section */

/* Begin PBXSourcesBuildPhase section */
		556299A22017A4600033154A /* Sources */ = {
			isa = PBXSourcesBuildPhase;
			buildActionMask = 2147483647;
			files = (
				556299AC2017A4600033154A /* ToDoListViewController.swift in Sources */,
				555CB66D201B9E2B00B0FBDA /* Category.swift in Sources */,
				556299AA2017A4600033154A /* AppDelegate.swift in Sources */,
				555CB66F201B9E9700B0FBDA /* Item.swift in Sources */,
				55F80D8C201A48F500326E97 /* CategoryTableViewController.swift in Sources */,
			);
			runOnlyForDeploymentPostprocessing = 0;
		};
/* End PBXSourcesBuildPhase section */

/* Begin PBXVariantGroup section */
		556299AD2017A4600033154A /* Main.storyboard */ = {
			isa = PBXVariantGroup;
			children = (
				556299AE2017A4600033154A /* Base */,
			);
			name = Main.storyboard;
			sourceTree = "<group>";
		};
		556299B22017A4600033154A /* LaunchScreen.storyboard */ = {
			isa = PBXVariantGroup;
			children = (
				556299B32017A4600033154A /* Base */,
			);
			name = LaunchScreen.storyboard;
			sourceTree = "<group>";
		};
/* End PBXVariantGroup section */

/* Begin XCBuildConfiguration section */
		556299B62017A4600033154A /* Debug */ = {
			isa = XCBuildConfiguration;
			buildSettings = {
				ALWAYS_SEARCH_USER_PATHS = NO;
				CLANG_ANALYZER_NONNULL = YES;
				CLANG_ANALYZER_NUMBER_OBJECT_CONVERSION = YES_AGGRESSIVE;
				CLANG_CXX_LANGUAGE_STANDARD = "gnu++14";
				CLANG_CXX_LIBRARY = "libc++";
				CLANG_ENABLE_MODULES = YES;
				CLANG_ENABLE_OBJC_ARC = YES;
				CLANG_WARN_BLOCK_CAPTURE_AUTORELEASING = YES;
				CLANG_WARN_BOOL_CONVERSION = YES;
				CLANG_WARN_COMMA = YES;
				CLANG_WARN_CONSTANT_CONVERSION = YES;
				CLANG_WARN_DIRECT_OBJC_ISA_USAGE = YES_ERROR;
				CLANG_WARN_DOCUMENTATION_COMMENTS = YES;
				CLANG_WARN_EMPTY_BODY = YES;
				CLANG_WARN_ENUM_CONVERSION = YES;
				CLANG_WARN_INFINITE_RECURSION = YES;
				CLANG_WARN_INT_CONVERSION = YES;
				CLANG_WARN_NON_LITERAL_NULL_CONVERSION = YES;
				CLANG_WARN_OBJC_LITERAL_CONVERSION = YES;
				CLANG_WARN_OBJC_ROOT_CLASS = YES_ERROR;
				CLANG_WARN_RANGE_LOOP_ANALYSIS = YES;
				CLANG_WARN_STRICT_PROTOTYPES = YES;
				CLANG_WARN_SUSPICIOUS_MOVE = YES;
				CLANG_WARN_UNGUARDED_AVAILABILITY = YES_AGGRESSIVE;
				CLANG_WARN_UNREACHABLE_CODE = YES;
				CLANG_WARN__DUPLICATE_METHOD_MATCH = YES;
				CODE_SIGN_IDENTITY = "iPhone Developer";
				COPY_PHASE_STRIP = NO;
				DEBUG_INFORMATION_FORMAT = dwarf;
				ENABLE_STRICT_OBJC_MSGSEND = YES;
				ENABLE_TESTABILITY = YES;
				GCC_C_LANGUAGE_STANDARD = gnu11;
				GCC_DYNAMIC_NO_PIC = NO;
				GCC_NO_COMMON_BLOCKS = YES;
				GCC_OPTIMIZATION_LEVEL = 0;
				GCC_PREPROCESSOR_DEFINITIONS = (
					"DEBUG=1",
					"$(inherited)",
				);
				GCC_WARN_64_TO_32_BIT_CONVERSION = YES;
				GCC_WARN_ABOUT_RETURN_TYPE = YES_ERROR;
				GCC_WARN_UNDECLARED_SELECTOR = YES;
				GCC_WARN_UNINITIALIZED_AUTOS = YES_AGGRESSIVE;
				GCC_WARN_UNUSED_FUNCTION = YES;
				GCC_WARN_UNUSED_VARIABLE = YES;
				IPHONEOS_DEPLOYMENT_TARGET = 11.2;
				MTL_ENABLE_DEBUG_INFO = YES;
				ONLY_ACTIVE_ARCH = YES;
				SDKROOT = iphoneos;
				SWIFT_ACTIVE_COMPILATION_CONDITIONS = DEBUG;
				SWIFT_OPTIMIZATION_LEVEL = "-Onone";
			};
			name = Debug;
		};
		556299B72017A4600033154A /* Release */ = {
			isa = XCBuildConfiguration;
			buildSettings = {
				ALWAYS_SEARCH_USER_PATHS = NO;
				CLANG_ANALYZER_NONNULL = YES;
				CLANG_ANALYZER_NUMBER_OBJECT_CONVERSION = YES_AGGRESSIVE;
				CLANG_CXX_LANGUAGE_STANDARD = "gnu++14";
				CLANG_CXX_LIBRARY = "libc++";
				CLANG_ENABLE_MODULES = YES;
				CLANG_ENABLE_OBJC_ARC = YES;
				CLANG_WARN_BLOCK_CAPTURE_AUTORELEASING = YES;
				CLANG_WARN_BOOL_CONVERSION = YES;
				CLANG_WARN_COMMA = YES;
				CLANG_WARN_CONSTANT_CONVERSION = YES;
				CLANG_WARN_DIRECT_OBJC_ISA_USAGE = YES_ERROR;
				CLANG_WARN_DOCUMENTATION_COMMENTS = YES;
				CLANG_WARN_EMPTY_BODY = YES;
				CLANG_WARN_ENUM_CONVERSION = YES;
				CLANG_WARN_INFINITE_RECURSION = YES;
				CLANG_WARN_INT_CONVERSION = YES;
				CLANG_WARN_NON_LITERAL_NULL_CONVERSION = YES;
				CLANG_WARN_OBJC_LITERAL_CONVERSION = YES;
				CLANG_WARN_OBJC_ROOT_CLASS = YES_ERROR;
				CLANG_WARN_RANGE_LOOP_ANALYSIS = YES;
				CLANG_WARN_STRICT_PROTOTYPES = YES;
				CLANG_WARN_SUSPICIOUS_MOVE = YES;
				CLANG_WARN_UNGUARDED_AVAILABILITY = YES_AGGRESSIVE;
				CLANG_WARN_UNREACHABLE_CODE = YES;
				CLANG_WARN__DUPLICATE_METHOD_MATCH = YES;
				CODE_SIGN_IDENTITY = "iPhone Developer";
				COPY_PHASE_STRIP = NO;
				DEBUG_INFORMATION_FORMAT = "dwarf-with-dsym";
				ENABLE_NS_ASSERTIONS = NO;
				ENABLE_STRICT_OBJC_MSGSEND = YES;
				GCC_C_LANGUAGE_STANDARD = gnu11;
				GCC_NO_COMMON_BLOCKS = YES;
				GCC_WARN_64_TO_32_BIT_CONVERSION = YES;
				GCC_WARN_ABOUT_RETURN_TYPE = YES_ERROR;
				GCC_WARN_UNDECLARED_SELECTOR = YES;
				GCC_WARN_UNINITIALIZED_AUTOS = YES_AGGRESSIVE;
				GCC_WARN_UNUSED_FUNCTION = YES;
				GCC_WARN_UNUSED_VARIABLE = YES;
				IPHONEOS_DEPLOYMENT_TARGET = 11.2;
				MTL_ENABLE_DEBUG_INFO = NO;
				SDKROOT = iphoneos;
				SWIFT_OPTIMIZATION_LEVEL = "-Owholemodule";
				VALIDATE_PRODUCT = YES;
			};
			name = Release;
		};
		556299B92017A4600033154A /* Debug */ = {
			isa = XCBuildConfiguration;
			baseConfigurationReference = 5A79255AC03E9D99E381A3F9 /* Pods-Todoey.debug.xcconfig */;
			buildSettings = {
				ASSETCATALOG_COMPILER_APPICON_NAME = AppIcon;
				CODE_SIGN_STYLE = Automatic;
				INFOPLIST_FILE = Todoey/Info.plist;
				LD_RUNPATH_SEARCH_PATHS = "$(inherited) @executable_path/Frameworks";
				PRODUCT_BUNDLE_IDENTIFIER = com.SamJensen.Todoey;
				PRODUCT_NAME = "$(TARGET_NAME)";
				SWIFT_VERSION = 4.0;
				TARGETED_DEVICE_FAMILY = "1,2";
			};
			name = Debug;
		};
		556299BA2017A4600033154A /* Release */ = {
			isa = XCBuildConfiguration;
			baseConfigurationReference = F431017EFEB59C16C26FA00E /* Pods-Todoey.release.xcconfig */;
			buildSettings = {
				ASSETCATALOG_COMPILER_APPICON_NAME = AppIcon;
				CODE_SIGN_STYLE = Automatic;
				INFOPLIST_FILE = Todoey/Info.plist;
				LD_RUNPATH_SEARCH_PATHS = "$(inherited) @executable_path/Frameworks";
				PRODUCT_BUNDLE_IDENTIFIER = com.SamJensen.Todoey;
				PRODUCT_NAME = "$(TARGET_NAME)";
				SWIFT_VERSION = 4.0;
				TARGETED_DEVICE_FAMILY = "1,2";
			};
			name = Release;
		};
/* End XCBuildConfiguration section */

/* Begin XCConfigurationList section */
		556299A12017A4600033154A /* Build configuration list for PBXProject "Todoey" */ = {
			isa = XCConfigurationList;
			buildConfigurations = (
				556299B62017A4600033154A /* Debug */,
				556299B72017A4600033154A /* Release */,
			);
			defaultConfigurationIsVisible = 0;
			defaultConfigurationName = Release;
		};
		556299B82017A4600033154A /* Build configuration list for PBXNativeTarget "Todoey" */ = {
			isa = XCConfigurationList;
			buildConfigurations = (
				556299B92017A4600033154A /* Debug */,
				556299BA2017A4600033154A /* Release */,
			);
			defaultConfigurationIsVisible = 0;
			defaultConfigurationName = Release;
		};
/* End XCConfigurationList section */
	};
	rootObject = 5562999E2017A4600033154A /* Project object */;
}
